
Microsoft Visual Studio Solution File, Format Version 12.00
# Visual Studio Version 17
VisualStudioVersion = 17.13.35828.75
MinimumVisualStudioVersion = 10.0.40219.1
Project("{FAE04EC0-301F-11D3-BF4B-00C04F79EFBC}") = "Appointments.Domain", "Appointments.Domain\Appointments.Domain.csproj", "{0AC6FDE4-E6C7-4F26-A510-0B5F1A84E9C4}"
EndProject
Project("{FAE04EC0-301F-11D3-BF4B-00C04F79EFBC}") = "Appointments.Application", "Appointments.Application\Appointments.Application.csproj", "{DF166EFB-7FFB-42FA-82D4-3568D8102DA1}"
EndProject
Project("{FAE04EC0-301F-11D3-BF4B-00C04F79EFBC}") = "Appointments.Infrastructure", "Appointments.Infrastructure\Appointments.Infrastructure.csproj", "{0DAFFC03-1803-416D-8661-E12FA5779956}"
EndProject
Project("{FAE04EC0-301F-11D3-BF4B-00C04F79EFBC}") = "Appointments.API", "Appointments.API\Appointments.API.csproj", "{0AE73A44-02D3-4EC3-9B49-555AA13FD4BD}"
EndProject
Project("{FAE04EC0-301F-11D3-BF4B-00C04F79EFBC}") = "Appointments.Tests", "Appointments.Tests\Appointments.Tests.csproj", "{C5317236-45E7-4823-B2F4-85BA5CF47808}"
EndProject
Project("{FAE04EC0-301F-11D3-BF4B-00C04F79EFBC}") = "Appointments.gRPC", "Appointments.gRPC\Appointments.gRPC.csproj", "{95D4C414-6AEE-45D1-B8A2-2FB4E2762E8F}"
EndProject
Project("{FAE04EC0-301F-11D3-BF4B-00C04F79EFBC}") = "Appointments.Razor", "Appointments.Razor\Appointments.Razor.csproj", "{C80C484A-A5A0-4B89-9B60-1DE26B448111}"
EndProject
Global
	GlobalSection(SolutionConfigurationPlatforms) = preSolution
		Debug|Any CPU = Debug|Any CPU
		Release|Any CPU = Release|Any CPU
	EndGlobalSection
	GlobalSection(ProjectConfigurationPlatforms) = postSolution
		{0AC6FDE4-E6C7-4F26-A510-0B5F1A84E9C4}.Debug|Any CPU.ActiveCfg = Debug|Any CPU
		{0AC6FDE4-E6C7-4F26-A510-0B5F1A84E9C4}.Debug|Any CPU.Build.0 = Debug|Any CPU
		{0AC6FDE4-E6C7-4F26-A510-0B5F1A84E9C4}.Release|Any CPU.ActiveCfg = Release|Any CPU
		{0AC6FDE4-E6C7-4F26-A510-0B5F1A84E9C4}.Release|Any CPU.Build.0 = Release|Any CPU
		{DF166EFB-7FFB-42FA-82D4-3568D8102DA1}.Debug|Any CPU.ActiveCfg = Debug|Any CPU
		{DF166EFB-7FFB-42FA-82D4-3568D8102DA1}.Debug|Any CPU.Build.0 = Debug|Any CPU
		{DF166EFB-7FFB-42FA-82D4-3568D8102DA1}.Release|Any CPU.ActiveCfg = Release|Any CPU
		{DF166EFB-7FFB-42FA-82D4-3568D8102DA1}.Release|Any CPU.Build.0 = Release|Any CPU
		{0DAFFC03-1803-416D-8661-E12FA5779956}.Debug|Any CPU.ActiveCfg = Debug|Any CPU
		{0DAFFC03-1803-416D-8661-E12FA5779956}.Debug|Any CPU.Build.0 = Debug|Any CPU
		{0DAFFC03-1803-416D-8661-E12FA5779956}.Release|Any CPU.ActiveCfg = Release|Any CPU
		{0DAFFC03-1803-416D-8661-E12FA5779956}.Release|Any CPU.Build.0 = Release|Any CPU
		{0AE73A44-02D3-4EC3-9B49-555AA13FD4BD}.Debug|Any CPU.ActiveCfg = Debug|Any CPU
		{0AE73A44-02D3-4EC3-9B49-555AA13FD4BD}.Debug|Any CPU.Build.0 = Debug|Any CPU
		{0AE73A44-02D3-4EC3-9B49-555AA13FD4BD}.Release|Any CPU.ActiveCfg = Release|Any CPU
		{0AE73A44-02D3-4EC3-9B49-555AA13FD4BD}.Release|Any CPU.Build.0 = Release|Any CPU
		{C5317236-45E7-4823-B2F4-85BA5CF47808}.Debug|Any CPU.ActiveCfg = Debug|Any CPU
		{C5317236-45E7-4823-B2F4-85BA5CF47808}.Debug|Any CPU.Build.0 = Debug|Any CPU
		{C5317236-45E7-4823-B2F4-85BA5CF47808}.Release|Any CPU.ActiveCfg = Release|Any CPU
		{C5317236-45E7-4823-B2F4-85BA5CF47808}.Release|Any CPU.Build.0 = Release|Any CPU
		{95D4C414-6AEE-45D1-B8A2-2FB4E2762E8F}.Debug|Any CPU.ActiveCfg = Debug|Any CPU
		{95D4C414-6AEE-45D1-B8A2-2FB4E2762E8F}.Debug|Any CPU.Build.0 = Debug|Any CPU
		{95D4C414-6AEE-45D1-B8A2-2FB4E2762E8F}.Release|Any CPU.ActiveCfg = Release|Any CPU
		{95D4C414-6AEE-45D1-B8A2-2FB4E2762E8F}.Release|Any CPU.Build.0 = Release|Any CPU
		{C80C484A-A5A0-4B89-9B60-1DE26B448111}.Debug|Any CPU.ActiveCfg = Debug|Any CPU
		{C80C484A-A5A0-4B89-9B60-1DE26B448111}.Debug|Any CPU.Build.0 = Debug|Any CPU
		{C80C484A-A5A0-4B89-9B60-1DE26B448111}.Release|Any CPU.ActiveCfg = Release|Any CPU
		{C80C484A-A5A0-4B89-9B60-1DE26B448111}.Release|Any CPU.Build.0 = Release|Any CPU
	EndGlobalSection
	GlobalSection(SolutionProperties) = preSolution
		HideSolutionNode = FALSE
	EndGlobalSection
	GlobalSection(ExtensibilityGlobals) = postSolution
		SolutionGuid = {CFC2E8E7-68CE-41B1-BF8B-32FFA617891C}
	EndGlobalSection
EndGlobal
